
Microsoft Visual Studio Solution File, Format Version 12.00
# Visual Studio Version 16
VisualStudioVersion = 16.0.31605.320
MinimumVisualStudioVersion = 10.0.40219.1
Project("{FAE04EC0-301F-11D3-BF4B-00C04F79EFBC}") = "Rox.Collection", "Collection\Rox.Collection.csproj", "{C37F530A-045E-44CA-BFB9-1A8C3095DAF7}"
EndProject
Project("{FAE04EC0-301F-11D3-BF4B-00C04F79EFBC}") = "Rox.Comparer", "Comparer\Rox.Comparer.csproj", "{6153BCEE-1DCA-4CD0-B292-5D75C4692614}"
EndProject
Project("{FAE04EC0-301F-11D3-BF4B-00C04F79EFBC}") = "Rox.Property", "Property\Rox.Property.csproj", "{4729EE83-8932-4619-8FD2-137DC9A1C940}"
EndProject
Global
	GlobalSection(SolutionConfigurationPlatforms) = preSolution
		Debug|Any CPU = Debug|Any CPU
		Release|Any CPU = Release|Any CPU
	EndGlobalSection
	GlobalSection(ProjectConfigurationPlatforms) = postSolution
		{C37F530A-045E-44CA-BFB9-1A8C3095DAF7}.Debug|Any CPU.ActiveCfg = Debug|Any CPU
		{C37F530A-045E-44CA-BFB9-1A8C3095DAF7}.Debug|Any CPU.Build.0 = Debug|Any CPU
		{C37F530A-045E-44CA-BFB9-1A8C3095DAF7}.Release|Any CPU.ActiveCfg = Release|Any CPU
		{C37F530A-045E-44CA-BFB9-1A8C3095DAF7}.Release|Any CPU.Build.0 = Release|Any CPU
		{6153BCEE-1DCA-4CD0-B292-5D75C4692614}.Debug|Any CPU.ActiveCfg = Debug|Any CPU
		{6153BCEE-1DCA-4CD0-B292-5D75C4692614}.Debug|Any CPU.Build.0 = Debug|Any CPU
		{6153BCEE-1DCA-4CD0-B292-5D75C4692614}.Release|Any CPU.ActiveCfg = Release|Any CPU
		{6153BCEE-1DCA-4CD0-B292-5D75C4692614}.Release|Any CPU.Build.0 = Release|Any CPU
		{4729EE83-8932-4619-8FD2-137DC9A1C940}.Debug|Any CPU.ActiveCfg = Debug|Any CPU
		{4729EE83-8932-4619-8FD2-137DC9A1C940}.Debug|Any CPU.Build.0 = Debug|Any CPU
		{4729EE83-8932-4619-8FD2-137DC9A1C940}.Release|Any CPU.ActiveCfg = Release|Any CPU
		{4729EE83-8932-4619-8FD2-137DC9A1C940}.Release|Any CPU.Build.0 = Release|Any CPU
	EndGlobalSection
	GlobalSection(SolutionProperties) = preSolution
		HideSolutionNode = FALSE
	EndGlobalSection
	GlobalSection(ExtensibilityGlobals) = postSolution
		SolutionGuid = {86D44C8A-70D8-4B40-94A5-1CA81EA3EAC4}
	EndGlobalSection
EndGlobal
